
Microsoft Visual Studio Solution File, Format Version 12.00
# Visual Studio Version 16
VisualStudioVersion = 16.0.30204.135
MinimumVisualStudioVersion = 10.0.40219.1
Project("{FAE04EC0-301F-11D3-BF4B-00C04F79EFBC}") = "ProjetoMusical", "ProjetoMusical\ProjetoMusical.csproj", "{EA19B02C-C74D-427E-B500-8E265D2C9869}"
EndProject
Global
	GlobalSection(SolutionConfigurationPlatforms) = preSolution
		Debug|Any CPU = Debug|Any CPU
		Release|Any CPU = Release|Any CPU
	EndGlobalSection
	GlobalSection(ProjectConfigurationPlatforms) = postSolution
		{EA19B02C-C74D-427E-B500-8E265D2C9869}.Debug|Any CPU.ActiveCfg = Debug|Any CPU
		{EA19B02C-C74D-427E-B500-8E265D2C9869}.Debug|Any CPU.Build.0 = Debug|Any CPU
		{EA19B02C-C74D-427E-B500-8E265D2C9869}.Release|Any CPU.ActiveCfg = Release|Any CPU
		{EA19B02C-C74D-427E-B500-8E265D2C9869}.Release|Any CPU.Build.0 = Release|Any CPU
	EndGlobalSection
	GlobalSection(SolutionProperties) = preSolution
		HideSolutionNode = FALSE
	EndGlobalSection
	GlobalSection(ExtensibilityGlobals) = postSolution
		SolutionGuid = {6B4E5AB8-443B-458A-B8B2-829C5B48B60C}
	EndGlobalSection
EndGlobal
